
Microsoft Visual Studio Solution File, Format Version 12.00
# Visual Studio Version 17
VisualStudioVersion = 17.14.36915.13 d17.14
MinimumVisualStudioVersion = 10.0.40219.1
Project("{FAE04EC0-301F-11D3-BF4B-00C04F79EFBC}") = "MywebApp", "MywebApp\MywebApp.csproj", "{2C75B0E9-7546-4F4E-90C1-0FCFBFD3F226}"
EndProject
Global
	GlobalSection(SolutionConfigurationPlatforms) = preSolution
		Debug|Any CPU = Debug|Any CPU
		Release|Any CPU = Release|Any CPU
	EndGlobalSection
	GlobalSection(ProjectConfigurationPlatforms) = postSolution
		{2C75B0E9-7546-4F4E-90C1-0FCFBFD3F226}.Debug|Any CPU.ActiveCfg = Debug|Any CPU
		{2C75B0E9-7546-4F4E-90C1-0FCFBFD3F226}.Debug|Any CPU.Build.0 = Debug|Any CPU
		{2C75B0E9-7546-4F4E-90C1-0FCFBFD3F226}.Release|Any CPU.ActiveCfg = Release|Any CPU
		{2C75B0E9-7546-4F4E-90C1-0FCFBFD3F226}.Release|Any CPU.Build.0 = Release|Any CPU
	EndGlobalSection
	GlobalSection(SolutionProperties) = preSolution
		HideSolutionNode = FALSE
	EndGlobalSection
	GlobalSection(ExtensibilityGlobals) = postSolution
		SolutionGuid = {2D29A6F2-6E7F-4FC5-9F9B-8EAA6B7F6062}
	EndGlobalSection
EndGlobal
